# Generated by `cargo xtask oracle publish`. The goldens this commit is tested against.
release = "goldens-m156"

[assets]
"hashes-m156.json" = "e66508d5d46c2ae96e283b0deb084f31ef8ac3c8b79a566539428beb8b874843"
"meta-m156.json" = "53a6758b216e27cee8c052eae767055d5996e0fa43cf9e6ea3039803829acbdd"
"objects-m156.tar" = "6a17126bd83963aef9e2d7b36d355e8e36c2ef8b795da6ebf7f606d76abb8949"
