# Generated by `cargo xtask oracle publish`. The goldens this commit is tested against.
release = "goldens-m156"

[assets]
"hashes-m156.json" = "361ac213ba856a9c0f3394c1c5a90f319f461d9fc088231dfd2b3f1fbd64e91e"
"meta-m156.json" = "ff8bdc63d504cc12da372083c76a52fcb609eb46d519fd8d7c096fc195cfc5ba"
"objects-m156.tar" = "103495ef0ea0a6183c43419006b046bd7871c810737275a4dbed4807d8dc6b47"
