# Generated by `cargo xtask oracle publish`. The goldens this commit is tested against.
release = "goldens-m156"

[assets]
"hashes-m156.json" = "1fbadb630ba2912d13b34acb705059284a1405939dce063222d6251d0e818e42"
"meta-m156.json" = "c252e6aab68f7b2a8fa2ba99a39f5d3a7ab6ba6056a63a8cfcb083b368c463d2"
"objects-m156.tar" = "dd8c757c131bc509426e0d56e6b2e41f87429a9d12c87063ab5266586e4ba0c3"
